// !$*UTF8*$!
{
	archiveVersion = 1;
	classes = {
	};
	objectVersion = 46;
	objects = {

/* Begin PBXBuildFile section */
		333FCE671B55914600631E04 /* AppDelegate.swift in Sources */ = {isa = PBXBuildFile; fileRef = 333FCE661B55914600631E04 /* AppDelegate.swift */; };
		333FCE691B55914600631E04 /* ViewController.swift in Sources */ = {isa = PBXBuildFile; fileRef = 333FCE681B55914600631E04 /* ViewController.swift */; };
		333FCE6C1B55914600631E04 /* Main.storyboard in Resources */ = {isa = PBXBuildFile; fileRef = 333FCE6A1B55914600631E04 /* Main.storyboard */; };
		333FCE6E1B55914600631E04 /* Images.xcassets in Resources */ = {isa = PBXBuildFile; fileRef = 333FCE6D1B55914600631E04 /* Images.xcassets */; };
		333FCE711B55914600631E04 /* LaunchScreen.xib in Resources */ = {isa = PBXBuildFile; fileRef = 333FCE6F1B55914600631E04 /* LaunchScreen.xib */; };
		333FCE7D1B55914600631E04 /* LifeCycleDemoTests.swift in Sources */ = {isa = PBXBuildFile; fileRef = 333FCE7C1B55914600631E04 /* LifeCycleDemoTests.swift */; };
/* End PBXBuildFile section */

/* Begin PBXContainerItemProxy section */
		333FCE771B55914600631E04 /* PBXContainerItemProxy */ = {
			isa = PBXContainerItemProxy;
			containerPortal = 333FCE591B55914600631E04 /* Project object */;
			proxyType = 1;
			remoteGlobalIDString = 333FCE601B55914600631E04;
			remoteInfo = LifeCycleDemo;
		};
/* End PBXContainerItemProxy section */

/* Begin PBXFileReference section */
		333FCE611B55914600631E04 /* LifeCycleDemo.app */ = {isa = PBXFileReference; explicitFileType = wrapper.application; includeInIndex = 0; path = LifeCycleDemo.app; sourceTree = BUILT_PRODUCTS_DIR; };
		333FCE651B55914600631E04 /* Info.plist */ = {isa = PBXFileReference; lastKnownFileType = text.plist.xml; path = Info.plist; sourceTree = "<group>"; };
		333FCE661B55914600631E04 /* AppDelegate.swift */ = {isa = PBXFileReference; lastKnownFileType = sourcecode.swift; path = AppDelegate.swift; sourceTree = "<group>"; };
		333FCE681B55914600631E04 /* ViewController.swift */ = {isa = PBXFileReference; lastKnownFileType = sourcecode.swift; path = ViewController.swift; sourceTree = "<group>"; };
		333FCE6B1B55914600631E04 /* Base */ = {isa = PBXFileReference; lastKnownFileType = file.storyboard; name = Base; path = Base.lproj/Main.storyboard; sourceTree = "<group>"; };
		333FCE6D1B55914600631E04 /* Images.xcassets */ = {isa = PBXFileReference; lastKnownFileType = folder.assetcatalog; path = Images.xcassets; sourceTree = "<group>"; };
		333FCE701B55914600631E04 /* Base */ = {isa = PBXFileReference; lastKnownFileType = file.xib; name = Base; path = Base.lproj/LaunchScreen.xib; sourceTree = "<group>"; };
		333FCE761B55914600631E04 /* LifeCycleDemoTests.xctest */ = {isa = PBXFileReference; explicitFileType = wrapper.cfbundle; includeInIndex = 0; path = LifeCycleDemoTests.xctest; sourceTree = BUILT_PRODUCTS_DIR; };
		333FCE7B1B55914600631E04 /* Info.plist */ = {isa = PBXFileReference; lastKnownFileType = text.plist.xml; path = Info.plist; sourceTree = "<group>"; };
		333FCE7C1B55914600631E04 /* LifeCycleDemoTests.swift */ = {isa = PBXFileReference; lastKnownFileType = sourcecode.swift; path = LifeCycleDemoTests.swift; sourceTree = "<group>"; };
/* End PBXFileReference section */

/* Begin PBXFrameworksBuildPhase section */
		333FCE5E1B55914600631E04 /* Frameworks */ = {
			isa = PBXFrameworksBuildPhase;
			buildActionMask = 2147483647;
			files = (
			);
			runOnlyForDeploymentPostprocessing = 0;
		};
		333FCE731B55914600631E04 /* Frameworks */ = {
			isa = PBXFrameworksBuildPhase;
			buildActionMask = 2147483647;
			files = (
			);
			runOnlyForDeploymentPostprocessing = 0;
		};
/* End PBXFrameworksBuildPhase section */

/* Begin PBXGroup section */
		333FCE581B55914600631E04 = {
			isa = PBXGroup;
			children = (
				333FCE631B55914600631E04 /* LifeCycleDemo */,
				333FCE791B55914600631E04 /* LifeCycleDemoTests */,
				333FCE621B55914600631E04 /* Products */,
			);
			sourceTree = "<group>";
		};
		333FCE621B55914600631E04 /* Products */ = {
			isa = PBXGroup;
			children = (
				333FCE611B55914600631E04 /* LifeCycleDemo.app */,
				333FCE761B55914600631E04 /* LifeCycleDemoTests.xctest */,
			);
			name = Products;
			sourceTree = "<group>";
		};
		333FCE631B55914600631E04 /* LifeCycleDemo */ = {
			isa = PBXGroup;
			children = (
				333FCE661B55914600631E04 /* AppDelegate.swift */,
				333FCE681B55914600631E04 /* ViewController.swift */,
				333FCE6A1B55914600631E04 /* Main.storyboard */,
				333FCE6D1B55914600631E04 /* Images.xcassets */,
				333FCE6F1B55914600631E04 /* LaunchScreen.xib */,
				333FCE641B55914600631E04 /* Supporting Files */,
			);
			path = LifeCycleDemo;
			sourceTree = "<group>";
		};
		333FCE641B55914600631E04 /* Supporting Files */ = {
			isa = PBXGroup;
			children = (
				333FCE651B55914600631E04 /* Info.plist */,
			);
			name = "Supporting Files";
			sourceTree = "<group>";
		};
		333FCE791B55914600631E04 /* LifeCycleDemoTests */ = {
			isa = PBXGroup;
			children = (
				333FCE7C1B55914600631E04 /* LifeCycleDemoTests.swift */,
				333FCE7A1B55914600631E04 /* Supporting Files */,
			);
			path = LifeCycleDemoTests;
			sourceTree = "<group>";
		};
		333FCE7A1B55914600631E04 /* Supporting Files */ = {
			isa = PBXGroup;
			children = (
				333FCE7B1B55914600631E04 /* Info.plist */,
			);
			name = "Supporting Files";
			sourceTree = "<group>";
		};
/* End PBXGroup section */

/* Begin PBXNativeTarget section */
		333FCE601B55914600631E04 /* LifeCycleDemo */ = {
			isa = PBXNativeTarget;
			buildConfigurationList = 333FCE801B55914600631E04 /* Build configuration list for PBXNativeTarget "LifeCycleDemo" */;
			buildPhases = (
				333FCE5D1B55914600631E04 /* Sources */,
				333FCE5E1B55914600631E04 /* Frameworks */,
				333FCE5F1B55914600631E04 /* Resources */,
			);
			buildRules = (
			);
			dependencies = (
			);
			name = LifeCycleDemo;
			productName = LifeCycleDemo;
			productReference = 333FCE611B55914600631E04 /* LifeCycleDemo.app */;
			productType = "com.apple.product-type.application";
		};
		333FCE751B55914600631E04 /* LifeCycleDemoTests */ = {
			isa = PBXNativeTarget;
			buildConfigurationList = 333FCE831B55914600631E04 /* Build configuration list for PBXNativeTarget "LifeCycleDemoTests" */;
			buildPhases = (
				333FCE721B55914600631E04 /* Sources */,
				333FCE731B55914600631E04 /* Frameworks */,
				333FCE741B55914600631E04 /* Resources */,
			);
			buildRules = (
			);
			dependencies = (
				333FCE781B55914600631E04 /* PBXTargetDependency */,
			);
			name = LifeCycleDemoTests;
			productName = LifeCycleDemoTests;
			productReference = 333FCE761B55914600631E04 /* LifeCycleDemoTests.xctest */;
			productType = "com.apple.product-type.bundle.unit-test";
		};
/* End PBXNativeTarget section */

/* Begin PBXProject section */
		333FCE591B55914600631E04 /* Project object */ = {
			isa = PBXProject;
			attributes = {
				LastUpgradeCheck = 0630;
				ORGANIZATIONNAME = gvsu.edu;
				TargetAttributes = {
					333FCE601B55914600631E04 = {
						CreatedOnToolsVersion = 6.3.2;
					};
					333FCE751B55914600631E04 = {
						CreatedOnToolsVersion = 6.3.2;
						TestTargetID = 333FCE601B55914600631E04;
					};
				};
			};
			buildConfigurationList = 333FCE5C1B55914600631E04 /* Build configuration list for PBXProject "LifeCycleDemo" */;
			compatibilityVersion = "Xcode 3.2";
			developmentRegion = English;
			hasScannedForEncodings = 0;
			knownRegions = (
				en,
				Base,
			);
			mainGroup = 333FCE581B55914600631E04;
			productRefGroup = 333FCE621B55914600631E04 /* Products */;
			projectDirPath = "";
			projectRoot = "";
			targets = (
				333FCE601B55914600631E04 /* LifeCycleDemo */,
				333FCE751B55914600631E04 /* LifeCycleDemoTests */,
			);
		};
/* End PBXProject section */

/* Begin PBXResourcesBuildPhase section */
		333FCE5F1B55914600631E04 /* Resources */ = {
			isa = PBXResourcesBuildPhase;
			buildActionMask = 2147483647;
			files = (
				333FCE6C1B55914600631E04 /* Main.storyboard in Resources */,
				333FCE711B55914600631E04 /* LaunchScreen.xib in Resources */,
				333FCE6E1B55914600631E04 /* Images.xcassets in Resources */,
			);
			runOnlyForDeploymentPostprocessing = 0;
		};
		333FCE741B55914600631E04 /* Resources */ = {
			isa = PBXResourcesBuildPhase;
			buildActionMask = 2147483647;
			files = (
			);
			runOnlyForDeploymentPostprocessing = 0;
		};
/* End PBXResourcesBuildPhase section */

/* Begin PBXSourcesBuildPhase section */
		333FCE5D1B55914600631E04 /* Sources */ = {
			isa = PBXSourcesBuildPhase;
			buildActionMask = 2147483647;
			files = (
				333FCE691B55914600631E04 /* ViewController.swift in Sources */,
				333FCE671B55914600631E04 /* AppDelegate.swift in Sources */,
			);
			runOnlyForDeploymentPostprocessing = 0;
		};
		333FCE721B55914600631E04 /* Sources */ = {
			isa = PBXSourcesBuildPhase;
			buildActionMask = 2147483647;
			files = (
				333FCE7D1B55914600631E04 /* LifeCycleDemoTests.swift in Sources */,
			);
			runOnlyForDeploymentPostprocessing = 0;
		};
/* End PBXSourcesBuildPhase section */

/* Begin PBXTargetDependency section */
		333FCE781B55914600631E04 /* PBXTargetDependency */ = {
			isa = PBXTargetDependency;
			target = 333FCE601B55914600631E04 /* LifeCycleDemo */;
			targetProxy = 333FCE771B55914600631E04 /* PBXContainerItemProxy */;
		};
/* End PBXTargetDependency section */

/* Begin PBXVariantGroup section */
		333FCE6A1B55914600631E04 /* Main.storyboard */ = {
			isa = PBXVariantGroup;
			children = (
				333FCE6B1B55914600631E04 /* Base */,
			);
			name = Main.storyboard;
			sourceTree = "<group>";
		};
		333FCE6F1B55914600631E04 /* LaunchScreen.xib */ = {
			isa = PBXVariantGroup;
			children = (
				333FCE701B55914600631E04 /* Base */,
			);
			name = LaunchScreen.xib;
			sourceTree = "<group>";
		};
/* End PBXVariantGroup section */

/* Begin XCBuildConfiguration section */
		333FCE7E1B55914600631E04 /* Debug */ = {
			isa = XCBuildConfiguration;
			buildSettings = {
				ALWAYS_SEARCH_USER_PATHS = NO;
				CLANG_CXX_LANGUAGE_STANDARD = "gnu++0x";
				CLANG_CXX_LIBRARY = "libc++";
				CLANG_ENABLE_MODULES = YES;
				CLANG_ENABLE_OBJC_ARC = YES;
				CLANG_WARN_BOOL_CONVERSION = YES;
				CLANG_WARN_CONSTANT_CONVERSION = YES;
				CLANG_WARN_DIRECT_OBJC_ISA_USAGE = YES_ERROR;
				CLANG_WARN_EMPTY_BODY = YES;
				CLANG_WARN_ENUM_CONVERSION = YES;
				CLANG_WARN_INT_CONVERSION = YES;
				CLANG_WARN_OBJC_ROOT_CLASS = YES_ERROR;
				CLANG_WARN_UNREACHABLE_CODE = YES;
				CLANG_WARN__DUPLICATE_METHOD_MATCH = YES;
				"CODE_SIGN_IDENTITY[sdk=iphoneos*]" = "iPhone Developer";
				COPY_PHASE_STRIP = NO;
				DEBUG_INFORMATION_FORMAT = "dwarf-with-dsym";
				ENABLE_STRICT_OBJC_MSGSEND = YES;
				GCC_C_LANGUAGE_STANDARD = gnu99;
				GCC_DYNAMIC_NO_PIC = NO;
				GCC_NO_COMMON_BLOCKS = YES;
				GCC_OPTIMIZATION_LEVEL = 0;
				GCC_PREPROCESSOR_DEFINITIONS = (
					"DEBUG=1",
					"$(inherited)",
				);
				GCC_SYMBOLS_PRIVATE_EXTERN = NO;
				GCC_WARN_64_TO_32_BIT_CONVERSION = YES;
				GCC_WARN_ABOUT_RETURN_TYPE = YES_ERROR;
				GCC_WARN_UNDECLARED_SELECTOR = YES;
				GCC_WARN_UNINITIALIZED_AUTOS = YES_AGGRESSIVE;
				GCC_WARN_UNUSED_FUNCTION = YES;
				GCC_WARN_UNUSED_VARIABLE = YES;
				IPHONEOS_DEPLOYMENT_TARGET = 8.3;
				MTL_ENABLE_DEBUG_INFO = YES;
				ONLY_ACTIVE_ARCH = YES;
				SDKROOT = iphoneos;
				SWIFT_OPTIMIZATION_LEVEL = "-Onone";
			};
			name = Debug;
		};
		333FCE7F1B55914600631E04 /* Release */ = {
			isa = XCBuildConfiguration;
			buildSettings = {
				ALWAYS_SEARCH_USER_PATHS = NO;
				CLANG_CXX_LANGUAGE_STANDARD = "gnu++0x";
				CLANG_CXX_LIBRARY = "libc++";
				CLANG_ENABLE_MODULES = YES;
				CLANG_ENABLE_OBJC_ARC = YES;
				CLANG_WARN_BOOL_CONVERSION = YES;
				CLANG_WARN_CONSTANT_CONVERSION = YES;
				CLANG_WARN_DIRECT_OBJC_ISA_USAGE = YES_ERROR;
				CLANG_WARN_EMPTY_BODY = YES;
				CLANG_WARN_ENUM_CONVERSION = YES;
				CLANG_WARN_INT_CONVERSION = YES;
				CLANG_WARN_OBJC_ROOT_CLASS = YES_ERROR;
				CLANG_WARN_UNREACHABLE_CODE = YES;
				CLANG_WARN__DUPLICATE_METHOD_MATCH = YES;
				"CODE_SIGN_IDENTITY[sdk=iphoneos*]" = "iPhone Developer";
				COPY_PHASE_STRIP = NO;
				DEBUG_INFORMATION_FORMAT = "dwarf-with-dsym";
				ENABLE_NS_ASSERTIONS = NO;
				ENABLE_STRICT_OBJC_MSGSEND = YES;
				GCC_C_LANGUAGE_STANDARD = gnu99;
				GCC_NO_COMMON_BLOCKS = YES;
				GCC_WARN_64_TO_32_BIT_CONVERSION = YES;
				GCC_WARN_ABOUT_RETURN_TYPE = YES_ERROR;
				GCC_WARN_UNDECLARED_SELECTOR = YES;
				GCC_WARN_UNINITIALIZED_AUTOS = YES_AGGRESSIVE;
				GCC_WARN_UNUSED_FUNCTION = YES;
				GCC_WARN_UNUSED_VARIABLE = YES;
				IPHONEOS_DEPLOYMENT_TARGET = 8.3;
				MTL_ENABLE_DEBUG_INFO = NO;
				SDKROOT = iphoneos;
				VALIDATE_PRODUCT = YES;
			};
			name = Release;
		};
		333FCE811B55914600631E04 /* Debug */ = {
			isa = XCBuildConfiguration;
			buildSettings = {
				ASSETCATALOG_COMPILER_APPICON_NAME = AppIcon;
				INFOPLIST_FILE = LifeCycleDemo/Info.plist;
				LD_RUNPATH_SEARCH_PATHS = "$(inherited) @executable_path/Frameworks";
				PRODUCT_NAME = "$(TARGET_NAME)";
			};
			name = Debug;
		};
		333FCE821B55914600631E04 /* Release */ = {
			isa = XCBuildConfiguration;
			buildSettings = {
				ASSETCATALOG_COMPILER_APPICON_NAME = AppIcon;
				INFOPLIST_FILE = LifeCycleDemo/Info.plist;
				LD_RUNPATH_SEARCH_PATHS = "$(inherited) @executable_path/Frameworks";
				PRODUCT_NAME = "$(TARGET_NAME)";
			};
			name = Release;
		};
		333FCE841B55914600631E04 /* Debug */ = {
			isa = XCBuildConfiguration;
			buildSettings = {
				BUNDLE_LOADER = "$(TEST_HOST)";
				FRAMEWORK_SEARCH_PATHS = (
					"$(SDKROOT)/Developer/Library/Frameworks",
					"$(inherited)",
				);
				GCC_PREPROCESSOR_DEFINITIONS = (
					"DEBUG=1",
					"$(inherited)",
				);
				INFOPLIST_FILE = LifeCycleDemoTests/Info.plist;
				LD_RUNPATH_SEARCH_PATHS = "$(inherited) @executable_path/Frameworks @loader_path/Frameworks";
				PRODUCT_NAME = "$(TARGET_NAME)";
				TEST_HOST = "$(BUILT_PRODUCTS_DIR)/LifeCycleDemo.app/LifeCycleDemo";
			};
			name = Debug;
		};
		333FCE851B55914600631E04 /* Release */ = {
			isa = XCBuildConfiguration;
			buildSettings = {
				BUNDLE_LOADER = "$(TEST_HOST)";
				FRAMEWORK_SEARCH_PATHS = (
					"$(SDKROOT)/Developer/Library/Frameworks",
					"$(inherited)",
				);
				INFOPLIST_FILE = LifeCycleDemoTests/Info.plist;
				LD_RUNPATH_SEARCH_PATHS = "$(inherited) @executable_path/Frameworks @loader_path/Frameworks";
				PRODUCT_NAME = "$(TARGET_NAME)";
				TEST_HOST = "$(BUILT_PRODUCTS_DIR)/LifeCycleDemo.app/LifeCycleDemo";
			};
			name = Release;
		};
/* End XCBuildConfiguration section */

/* Begin XCConfigurationList section */
		333FCE5C1B55914600631E04 /* Build configuration list for PBXProject "LifeCycleDemo" */ = {
			isa = XCConfigurationList;
			buildConfigurations = (
				333FCE7E1B55914600631E04 /* Debug */,
				333FCE7F1B55914600631E04 /* Release */,
			);
			defaultConfigurationIsVisible = 0;
			defaultConfigurationName = Release;
		};
		333FCE801B55914600631E04 /* Build configuration list for PBXNativeTarget "LifeCycleDemo" */ = {
			isa = XCConfigurationList;
			buildConfigurations = (
				333FCE811B55914600631E04 /* Debug */,
				333FCE821B55914600631E04 /* Release */,
			);
			defaultConfigurationIsVisible = 0;
		};
		333FCE831B55914600631E04 /* Build configuration list for PBXNativeTarget "LifeCycleDemoTests" */ = {
			isa = XCConfigurationList;
			buildConfigurations = (
				333FCE841B55914600631E04 /* Debug */,
				333FCE851B55914600631E04 /* Release */,
			);
			defaultConfigurationIsVisible = 0;
		};
/* End XCConfigurationList section */
	};
	rootObject = 333FCE591B55914600631E04 /* Project object */;
}
