// !$*UTF8*$!
{
	archiveVersion = 1;
	classes = {
	};
	objectVersion = 46;
	objects = {

/* Begin PBXBuildFile section */
		330773B11B58272700734178 /* AppDelegate.swift in Sources */ = {isa = PBXBuildFile; fileRef = 330773B01B58272700734178 /* AppDelegate.swift */; };
		330773B31B58272700734178 /* MasterViewController.swift in Sources */ = {isa = PBXBuildFile; fileRef = 330773B21B58272700734178 /* MasterViewController.swift */; };
		330773B51B58272700734178 /* DetailViewController.swift in Sources */ = {isa = PBXBuildFile; fileRef = 330773B41B58272700734178 /* DetailViewController.swift */; };
		330773B81B58272700734178 /* Main.storyboard in Resources */ = {isa = PBXBuildFile; fileRef = 330773B61B58272700734178 /* Main.storyboard */; };
		330773BA1B58272700734178 /* Images.xcassets in Resources */ = {isa = PBXBuildFile; fileRef = 330773B91B58272700734178 /* Images.xcassets */; };
		330773BD1B58272700734178 /* LaunchScreen.xib in Resources */ = {isa = PBXBuildFile; fileRef = 330773BB1B58272700734178 /* LaunchScreen.xib */; };
		330773C91B58272700734178 /* SocialDemoTests.swift in Sources */ = {isa = PBXBuildFile; fileRef = 330773C81B58272700734178 /* SocialDemoTests.swift */; };
		330773D31B5827E600734178 /* Social.framework in Frameworks */ = {isa = PBXBuildFile; fileRef = 330773D21B5827E600734178 /* Social.framework */; };
/* End PBXBuildFile section */

/* Begin PBXContainerItemProxy section */
		330773C31B58272700734178 /* PBXContainerItemProxy */ = {
			isa = PBXContainerItemProxy;
			containerPortal = 330773A31B58272700734178 /* Project object */;
			proxyType = 1;
			remoteGlobalIDString = 330773AA1B58272700734178;
			remoteInfo = SocialDemo;
		};
/* End PBXContainerItemProxy section */

/* Begin PBXFileReference section */
		330773AB1B58272700734178 /* SocialDemo.app */ = {isa = PBXFileReference; explicitFileType = wrapper.application; includeInIndex = 0; path = SocialDemo.app; sourceTree = BUILT_PRODUCTS_DIR; };
		330773AF1B58272700734178 /* Info.plist */ = {isa = PBXFileReference; lastKnownFileType = text.plist.xml; path = Info.plist; sourceTree = "<group>"; };
		330773B01B58272700734178 /* AppDelegate.swift */ = {isa = PBXFileReference; lastKnownFileType = sourcecode.swift; path = AppDelegate.swift; sourceTree = "<group>"; };
		330773B21B58272700734178 /* MasterViewController.swift */ = {isa = PBXFileReference; lastKnownFileType = sourcecode.swift; path = MasterViewController.swift; sourceTree = "<group>"; };
		330773B41B58272700734178 /* DetailViewController.swift */ = {isa = PBXFileReference; lastKnownFileType = sourcecode.swift; path = DetailViewController.swift; sourceTree = "<group>"; };
		330773B71B58272700734178 /* Base */ = {isa = PBXFileReference; lastKnownFileType = file.storyboard; name = Base; path = Base.lproj/Main.storyboard; sourceTree = "<group>"; };
		330773B91B58272700734178 /* Images.xcassets */ = {isa = PBXFileReference; lastKnownFileType = folder.assetcatalog; path = Images.xcassets; sourceTree = "<group>"; };
		330773BC1B58272700734178 /* Base */ = {isa = PBXFileReference; lastKnownFileType = file.xib; name = Base; path = Base.lproj/LaunchScreen.xib; sourceTree = "<group>"; };
		330773C21B58272700734178 /* SocialDemoTests.xctest */ = {isa = PBXFileReference; explicitFileType = wrapper.cfbundle; includeInIndex = 0; path = SocialDemoTests.xctest; sourceTree = BUILT_PRODUCTS_DIR; };
		330773C71B58272700734178 /* Info.plist */ = {isa = PBXFileReference; lastKnownFileType = text.plist.xml; path = Info.plist; sourceTree = "<group>"; };
		330773C81B58272700734178 /* SocialDemoTests.swift */ = {isa = PBXFileReference; lastKnownFileType = sourcecode.swift; path = SocialDemoTests.swift; sourceTree = "<group>"; };
		330773D21B5827E600734178 /* Social.framework */ = {isa = PBXFileReference; lastKnownFileType = wrapper.framework; name = Social.framework; path = System/Library/Frameworks/Social.framework; sourceTree = SDKROOT; };
/* End PBXFileReference section */

/* Begin PBXFrameworksBuildPhase section */
		330773A81B58272700734178 /* Frameworks */ = {
			isa = PBXFrameworksBuildPhase;
			buildActionMask = 2147483647;
			files = (
				330773D31B5827E600734178 /* Social.framework in Frameworks */,
			);
			runOnlyForDeploymentPostprocessing = 0;
		};
		330773BF1B58272700734178 /* Frameworks */ = {
			isa = PBXFrameworksBuildPhase;
			buildActionMask = 2147483647;
			files = (
			);
			runOnlyForDeploymentPostprocessing = 0;
		};
/* End PBXFrameworksBuildPhase section */

/* Begin PBXGroup section */
		330773A21B58272700734178 = {
			isa = PBXGroup;
			children = (
				330773D21B5827E600734178 /* Social.framework */,
				330773AD1B58272700734178 /* SocialDemo */,
				330773C51B58272700734178 /* SocialDemoTests */,
				330773AC1B58272700734178 /* Products */,
			);
			sourceTree = "<group>";
		};
		330773AC1B58272700734178 /* Products */ = {
			isa = PBXGroup;
			children = (
				330773AB1B58272700734178 /* SocialDemo.app */,
				330773C21B58272700734178 /* SocialDemoTests.xctest */,
			);
			name = Products;
			sourceTree = "<group>";
		};
		330773AD1B58272700734178 /* SocialDemo */ = {
			isa = PBXGroup;
			children = (
				330773B01B58272700734178 /* AppDelegate.swift */,
				330773B21B58272700734178 /* MasterViewController.swift */,
				330773B41B58272700734178 /* DetailViewController.swift */,
				330773B61B58272700734178 /* Main.storyboard */,
				330773B91B58272700734178 /* Images.xcassets */,
				330773BB1B58272700734178 /* LaunchScreen.xib */,
				330773AE1B58272700734178 /* Supporting Files */,
			);
			path = SocialDemo;
			sourceTree = "<group>";
		};
		330773AE1B58272700734178 /* Supporting Files */ = {
			isa = PBXGroup;
			children = (
				330773AF1B58272700734178 /* Info.plist */,
			);
			name = "Supporting Files";
			sourceTree = "<group>";
		};
		330773C51B58272700734178 /* SocialDemoTests */ = {
			isa = PBXGroup;
			children = (
				330773C81B58272700734178 /* SocialDemoTests.swift */,
				330773C61B58272700734178 /* Supporting Files */,
			);
			path = SocialDemoTests;
			sourceTree = "<group>";
		};
		330773C61B58272700734178 /* Supporting Files */ = {
			isa = PBXGroup;
			children = (
				330773C71B58272700734178 /* Info.plist */,
			);
			name = "Supporting Files";
			sourceTree = "<group>";
		};
/* End PBXGroup section */

/* Begin PBXNativeTarget section */
		330773AA1B58272700734178 /* SocialDemo */ = {
			isa = PBXNativeTarget;
			buildConfigurationList = 330773CC1B58272700734178 /* Build configuration list for PBXNativeTarget "SocialDemo" */;
			buildPhases = (
				330773A71B58272700734178 /* Sources */,
				330773A81B58272700734178 /* Frameworks */,
				330773A91B58272700734178 /* Resources */,
			);
			buildRules = (
			);
			dependencies = (
			);
			name = SocialDemo;
			productName = SocialDemo;
			productReference = 330773AB1B58272700734178 /* SocialDemo.app */;
			productType = "com.apple.product-type.application";
		};
		330773C11B58272700734178 /* SocialDemoTests */ = {
			isa = PBXNativeTarget;
			buildConfigurationList = 330773CF1B58272700734178 /* Build configuration list for PBXNativeTarget "SocialDemoTests" */;
			buildPhases = (
				330773BE1B58272700734178 /* Sources */,
				330773BF1B58272700734178 /* Frameworks */,
				330773C01B58272700734178 /* Resources */,
			);
			buildRules = (
			);
			dependencies = (
				330773C41B58272700734178 /* PBXTargetDependency */,
			);
			name = SocialDemoTests;
			productName = SocialDemoTests;
			productReference = 330773C21B58272700734178 /* SocialDemoTests.xctest */;
			productType = "com.apple.product-type.bundle.unit-test";
		};
/* End PBXNativeTarget section */

/* Begin PBXProject section */
		330773A31B58272700734178 /* Project object */ = {
			isa = PBXProject;
			attributes = {
				LastUpgradeCheck = 0630;
				ORGANIZATIONNAME = "Tim Jaroch & Remo Hoeppli";
				TargetAttributes = {
					330773AA1B58272700734178 = {
						CreatedOnToolsVersion = 6.3.2;
					};
					330773C11B58272700734178 = {
						CreatedOnToolsVersion = 6.3.2;
						TestTargetID = 330773AA1B58272700734178;
					};
				};
			};
			buildConfigurationList = 330773A61B58272700734178 /* Build configuration list for PBXProject "SocialDemo" */;
			compatibilityVersion = "Xcode 3.2";
			developmentRegion = English;
			hasScannedForEncodings = 0;
			knownRegions = (
				en,
				Base,
			);
			mainGroup = 330773A21B58272700734178;
			productRefGroup = 330773AC1B58272700734178 /* Products */;
			projectDirPath = "";
			projectRoot = "";
			targets = (
				330773AA1B58272700734178 /* SocialDemo */,
				330773C11B58272700734178 /* SocialDemoTests */,
			);
		};
/* End PBXProject section */

/* Begin PBXResourcesBuildPhase section */
		330773A91B58272700734178 /* Resources */ = {
			isa = PBXResourcesBuildPhase;
			buildActionMask = 2147483647;
			files = (
				330773B81B58272700734178 /* Main.storyboard in Resources */,
				330773BD1B58272700734178 /* LaunchScreen.xib in Resources */,
				330773BA1B58272700734178 /* Images.xcassets in Resources */,
			);
			runOnlyForDeploymentPostprocessing = 0;
		};
		330773C01B58272700734178 /* Resources */ = {
			isa = PBXResourcesBuildPhase;
			buildActionMask = 2147483647;
			files = (
			);
			runOnlyForDeploymentPostprocessing = 0;
		};
/* End PBXResourcesBuildPhase section */

/* Begin PBXSourcesBuildPhase section */
		330773A71B58272700734178 /* Sources */ = {
			isa = PBXSourcesBuildPhase;
			buildActionMask = 2147483647;
			files = (
				330773B51B58272700734178 /* DetailViewController.swift in Sources */,
				330773B31B58272700734178 /* MasterViewController.swift in Sources */,
				330773B11B58272700734178 /* AppDelegate.swift in Sources */,
			);
			runOnlyForDeploymentPostprocessing = 0;
		};
		330773BE1B58272700734178 /* Sources */ = {
			isa = PBXSourcesBuildPhase;
			buildActionMask = 2147483647;
			files = (
				330773C91B58272700734178 /* SocialDemoTests.swift in Sources */,
			);
			runOnlyForDeploymentPostprocessing = 0;
		};
/* End PBXSourcesBuildPhase section */

/* Begin PBXTargetDependency section */
		330773C41B58272700734178 /* PBXTargetDependency */ = {
			isa = PBXTargetDependency;
			target = 330773AA1B58272700734178 /* SocialDemo */;
			targetProxy = 330773C31B58272700734178 /* PBXContainerItemProxy */;
		};
/* End PBXTargetDependency section */

/* Begin PBXVariantGroup section */
		330773B61B58272700734178 /* Main.storyboard */ = {
			isa = PBXVariantGroup;
			children = (
				330773B71B58272700734178 /* Base */,
			);
			name = Main.storyboard;
			sourceTree = "<group>";
		};
		330773BB1B58272700734178 /* LaunchScreen.xib */ = {
			isa = PBXVariantGroup;
			children = (
				330773BC1B58272700734178 /* Base */,
			);
			name = LaunchScreen.xib;
			sourceTree = "<group>";
		};
/* End PBXVariantGroup section */

/* Begin XCBuildConfiguration section */
		330773CA1B58272700734178 /* Debug */ = {
			isa = XCBuildConfiguration;
			buildSettings = {
				ALWAYS_SEARCH_USER_PATHS = NO;
				CLANG_CXX_LANGUAGE_STANDARD = "gnu++0x";
				CLANG_CXX_LIBRARY = "libc++";
				CLANG_ENABLE_MODULES = YES;
				CLANG_ENABLE_OBJC_ARC = YES;
				CLANG_WARN_BOOL_CONVERSION = YES;
				CLANG_WARN_CONSTANT_CONVERSION = YES;
				CLANG_WARN_DIRECT_OBJC_ISA_USAGE = YES_ERROR;
				CLANG_WARN_EMPTY_BODY = YES;
				CLANG_WARN_ENUM_CONVERSION = YES;
				CLANG_WARN_INT_CONVERSION = YES;
				CLANG_WARN_OBJC_ROOT_CLASS = YES_ERROR;
				CLANG_WARN_UNREACHABLE_CODE = YES;
				CLANG_WARN__DUPLICATE_METHOD_MATCH = YES;
				"CODE_SIGN_IDENTITY[sdk=iphoneos*]" = "iPhone Developer";
				COPY_PHASE_STRIP = NO;
				DEBUG_INFORMATION_FORMAT = "dwarf-with-dsym";
				ENABLE_STRICT_OBJC_MSGSEND = YES;
				GCC_C_LANGUAGE_STANDARD = gnu99;
				GCC_DYNAMIC_NO_PIC = NO;
				GCC_NO_COMMON_BLOCKS = YES;
				GCC_OPTIMIZATION_LEVEL = 0;
				GCC_PREPROCESSOR_DEFINITIONS = (
					"DEBUG=1",
					"$(inherited)",
				);
				GCC_SYMBOLS_PRIVATE_EXTERN = NO;
				GCC_WARN_64_TO_32_BIT_CONVERSION = YES;
				GCC_WARN_ABOUT_RETURN_TYPE = YES_ERROR;
				GCC_WARN_UNDECLARED_SELECTOR = YES;
				GCC_WARN_UNINITIALIZED_AUTOS = YES_AGGRESSIVE;
				GCC_WARN_UNUSED_FUNCTION = YES;
				GCC_WARN_UNUSED_VARIABLE = YES;
				IPHONEOS_DEPLOYMENT_TARGET = 8.3;
				MTL_ENABLE_DEBUG_INFO = YES;
				ONLY_ACTIVE_ARCH = YES;
				SDKROOT = iphoneos;
				SWIFT_OPTIMIZATION_LEVEL = "-Onone";
			};
			name = Debug;
		};
		330773CB1B58272700734178 /* Release */ = {
			isa = XCBuildConfiguration;
			buildSettings = {
				ALWAYS_SEARCH_USER_PATHS = NO;
				CLANG_CXX_LANGUAGE_STANDARD = "gnu++0x";
				CLANG_CXX_LIBRARY = "libc++";
				CLANG_ENABLE_MODULES = YES;
				CLANG_ENABLE_OBJC_ARC = YES;
				CLANG_WARN_BOOL_CONVERSION = YES;
				CLANG_WARN_CONSTANT_CONVERSION = YES;
				CLANG_WARN_DIRECT_OBJC_ISA_USAGE = YES_ERROR;
				CLANG_WARN_EMPTY_BODY = YES;
				CLANG_WARN_ENUM_CONVERSION = YES;
				CLANG_WARN_INT_CONVERSION = YES;
				CLANG_WARN_OBJC_ROOT_CLASS = YES_ERROR;
				CLANG_WARN_UNREACHABLE_CODE = YES;
				CLANG_WARN__DUPLICATE_METHOD_MATCH = YES;
				"CODE_SIGN_IDENTITY[sdk=iphoneos*]" = "iPhone Developer";
				COPY_PHASE_STRIP = NO;
				DEBUG_INFORMATION_FORMAT = "dwarf-with-dsym";
				ENABLE_NS_ASSERTIONS = NO;
				ENABLE_STRICT_OBJC_MSGSEND = YES;
				GCC_C_LANGUAGE_STANDARD = gnu99;
				GCC_NO_COMMON_BLOCKS = YES;
				GCC_WARN_64_TO_32_BIT_CONVERSION = YES;
				GCC_WARN_ABOUT_RETURN_TYPE = YES_ERROR;
				GCC_WARN_UNDECLARED_SELECTOR = YES;
				GCC_WARN_UNINITIALIZED_AUTOS = YES_AGGRESSIVE;
				GCC_WARN_UNUSED_FUNCTION = YES;
				GCC_WARN_UNUSED_VARIABLE = YES;
				IPHONEOS_DEPLOYMENT_TARGET = 8.3;
				MTL_ENABLE_DEBUG_INFO = NO;
				SDKROOT = iphoneos;
				VALIDATE_PRODUCT = YES;
			};
			name = Release;
		};
		330773CD1B58272700734178 /* Debug */ = {
			isa = XCBuildConfiguration;
			buildSettings = {
				ASSETCATALOG_COMPILER_APPICON_NAME = AppIcon;
				INFOPLIST_FILE = SocialDemo/Info.plist;
				LD_RUNPATH_SEARCH_PATHS = "$(inherited) @executable_path/Frameworks";
				PRODUCT_NAME = "$(TARGET_NAME)";
			};
			name = Debug;
		};
		330773CE1B58272700734178 /* Release */ = {
			isa = XCBuildConfiguration;
			buildSettings = {
				ASSETCATALOG_COMPILER_APPICON_NAME = AppIcon;
				INFOPLIST_FILE = SocialDemo/Info.plist;
				LD_RUNPATH_SEARCH_PATHS = "$(inherited) @executable_path/Frameworks";
				PRODUCT_NAME = "$(TARGET_NAME)";
			};
			name = Release;
		};
		330773D01B58272700734178 /* Debug */ = {
			isa = XCBuildConfiguration;
			buildSettings = {
				BUNDLE_LOADER = "$(TEST_HOST)";
				FRAMEWORK_SEARCH_PATHS = (
					"$(SDKROOT)/Developer/Library/Frameworks",
					"$(inherited)",
				);
				GCC_PREPROCESSOR_DEFINITIONS = (
					"DEBUG=1",
					"$(inherited)",
				);
				INFOPLIST_FILE = SocialDemoTests/Info.plist;
				LD_RUNPATH_SEARCH_PATHS = "$(inherited) @executable_path/Frameworks @loader_path/Frameworks";
				PRODUCT_NAME = "$(TARGET_NAME)";
				TEST_HOST = "$(BUILT_PRODUCTS_DIR)/SocialDemo.app/SocialDemo";
			};
			name = Debug;
		};
		330773D11B58272700734178 /* Release */ = {
			isa = XCBuildConfiguration;
			buildSettings = {
				BUNDLE_LOADER = "$(TEST_HOST)";
				FRAMEWORK_SEARCH_PATHS = (
					"$(SDKROOT)/Developer/Library/Frameworks",
					"$(inherited)",
				);
				INFOPLIST_FILE = SocialDemoTests/Info.plist;
				LD_RUNPATH_SEARCH_PATHS = "$(inherited) @executable_path/Frameworks @loader_path/Frameworks";
				PRODUCT_NAME = "$(TARGET_NAME)";
				TEST_HOST = "$(BUILT_PRODUCTS_DIR)/SocialDemo.app/SocialDemo";
			};
			name = Release;
		};
/* End XCBuildConfiguration section */

/* Begin XCConfigurationList section */
		330773A61B58272700734178 /* Build configuration list for PBXProject "SocialDemo" */ = {
			isa = XCConfigurationList;
			buildConfigurations = (
				330773CA1B58272700734178 /* Debug */,
				330773CB1B58272700734178 /* Release */,
			);
			defaultConfigurationIsVisible = 0;
			defaultConfigurationName = Release;
		};
		330773CC1B58272700734178 /* Build configuration list for PBXNativeTarget "SocialDemo" */ = {
			isa = XCConfigurationList;
			buildConfigurations = (
				330773CD1B58272700734178 /* Debug */,
				330773CE1B58272700734178 /* Release */,
			);
			defaultConfigurationIsVisible = 0;
		};
		330773CF1B58272700734178 /* Build configuration list for PBXNativeTarget "SocialDemoTests" */ = {
			isa = XCConfigurationList;
			buildConfigurations = (
				330773D01B58272700734178 /* Debug */,
				330773D11B58272700734178 /* Release */,
			);
			defaultConfigurationIsVisible = 0;
		};
/* End XCConfigurationList section */
	};
	rootObject = 330773A31B58272700734178 /* Project object */;
}
